
Microsoft Visual Studio Solution File, Format Version 12.00
# Visual Studio Version 17
VisualStudioVersion = 17.0.32112.339
MinimumVisualStudioVersion = 10.0.40219.1
Project("{9A19103F-16F7-4668-BE54-9A1E7A4F7556}") = "CorePoint.DAL", "CorePoint.DAL\CorePoint.DAL.csproj", "{ED802BDD-34D7-4073-AE97-FE0650E66FF8}"
EndProject
Project("{9A19103F-16F7-4668-BE54-9A1E7A4F7556}") = "CorePoint.Service", "CorePoint.Service\CorePoint.Service.csproj", "{38487C40-9EB3-47E1-8FC5-B0009D44199F}"
EndProject
Project("{9A19103F-16F7-4668-BE54-9A1E7A4F7556}") = "CorePoint", "CorePoint\CorePoint.csproj", "{AF5860A5-30E7-406C-B761-B322A80464A7}"
EndProject
Global
	GlobalSection(SolutionConfigurationPlatforms) = preSolution
		Debug|Any CPU = Debug|Any CPU
		Release|Any CPU = Release|Any CPU
	EndGlobalSection
	GlobalSection(ProjectConfigurationPlatforms) = postSolution
		{ED802BDD-34D7-4073-AE97-FE0650E66FF8}.Debug|Any CPU.ActiveCfg = Debug|Any CPU
		{ED802BDD-34D7-4073-AE97-FE0650E66FF8}.Debug|Any CPU.Build.0 = Debug|Any CPU
		{ED802BDD-34D7-4073-AE97-FE0650E66FF8}.Release|Any CPU.ActiveCfg = Release|Any CPU
		{ED802BDD-34D7-4073-AE97-FE0650E66FF8}.Release|Any CPU.Build.0 = Release|Any CPU
		{38487C40-9EB3-47E1-8FC5-B0009D44199F}.Debug|Any CPU.ActiveCfg = Debug|Any CPU
		{38487C40-9EB3-47E1-8FC5-B0009D44199F}.Debug|Any CPU.Build.0 = Debug|Any CPU
		{38487C40-9EB3-47E1-8FC5-B0009D44199F}.Release|Any CPU.ActiveCfg = Release|Any CPU
		{38487C40-9EB3-47E1-8FC5-B0009D44199F}.Release|Any CPU.Build.0 = Release|Any CPU
		{AF5860A5-30E7-406C-B761-B322A80464A7}.Debug|Any CPU.ActiveCfg = Debug|Any CPU
		{AF5860A5-30E7-406C-B761-B322A80464A7}.Debug|Any CPU.Build.0 = Debug|Any CPU
		{AF5860A5-30E7-406C-B761-B322A80464A7}.Release|Any CPU.ActiveCfg = Release|Any CPU
		{AF5860A5-30E7-406C-B761-B322A80464A7}.Release|Any CPU.Build.0 = Release|Any CPU
	EndGlobalSection
	GlobalSection(SolutionProperties) = preSolution
		HideSolutionNode = FALSE
	EndGlobalSection
	GlobalSection(ExtensibilityGlobals) = postSolution
		SolutionGuid = {67A94D99-EAC0-42C5-9160-A88922066EA0}
	EndGlobalSection
EndGlobal
